
Microsoft Visual Studio Solution File, Format Version 12.00
# Visual Studio Version 16
VisualStudioVersion = 16.0.29613.14
MinimumVisualStudioVersion = 10.0.40219.1
Project("{FAE04EC0-301F-11D3-BF4B-00C04F79EFBC}") = "AdvancedEfCore", "AdvancedEfCore.csproj", "{52B6B91D-A322-442B-873F-24895239366C}"
EndProject
Global
	GlobalSection(SolutionConfigurationPlatforms) = preSolution
		Debug|Any CPU = Debug|Any CPU
		Release|Any CPU = Release|Any CPU
	EndGlobalSection
	GlobalSection(ProjectConfigurationPlatforms) = postSolution
		{52B6B91D-A322-442B-873F-24895239366C}.Debug|Any CPU.ActiveCfg = Debug|Any CPU
		{52B6B91D-A322-442B-873F-24895239366C}.Debug|Any CPU.Build.0 = Debug|Any CPU
		{52B6B91D-A322-442B-873F-24895239366C}.Release|Any CPU.ActiveCfg = Release|Any CPU
		{52B6B91D-A322-442B-873F-24895239366C}.Release|Any CPU.Build.0 = Release|Any CPU
	EndGlobalSection
	GlobalSection(SolutionProperties) = preSolution
		HideSolutionNode = FALSE
	EndGlobalSection
	GlobalSection(ExtensibilityGlobals) = postSolution
		SolutionGuid = {DD4BAD2F-065F-4B50-BC66-9263D98EF736}
	EndGlobalSection
EndGlobal
